{
  "nodes": {
    "nixpkgs": {
      "locked": {
        "lastModified": 1722630782,
        "narHash": "sha256-hMyG9/WlUi0Ho9VkRrrez7SeNlDzLxalm9FwY7n/Noo=",
        "owner": "NixOS",
        "repo": "nixpkgs",
        "rev": "d04953086551086b44b6f3c6b7eeb26294f207da",
        "type": "github"
      },
      "original": {
        "owner": "NixOS",
        "ref": "nixos-unstable",
        "repo": "nixpkgs",
        "type": "github"
      }
    },
    "root": {
      "inputs": {
        "nixpkgs": "nixpkgs"
      }
    }
  },
  "root": "root",
  "version": 7
}
